
Microsoft Visual Studio Solution File, Format Version 12.00
# Visual Studio Version 17
VisualStudioVersion = 17.13.35913.81 d17.13
MinimumVisualStudioVersion = 10.0.40219.1
Project("{FAE04EC0-301F-11D3-BF4B-00C04F79EFBC}") = "ContactList", "ContactList\ContactList.csproj", "{305C6839-C422-4D12-ADDF-439571B5BF5F}"
EndProject
Global
	GlobalSection(SolutionConfigurationPlatforms) = preSolution
		Debug|Any CPU = Debug|Any CPU
		Release|Any CPU = Release|Any CPU
	EndGlobalSection
	GlobalSection(ProjectConfigurationPlatforms) = postSolution
		{305C6839-C422-4D12-ADDF-439571B5BF5F}.Debug|Any CPU.ActiveCfg = Debug|Any CPU
		{305C6839-C422-4D12-ADDF-439571B5BF5F}.Debug|Any CPU.Build.0 = Debug|Any CPU
		{305C6839-C422-4D12-ADDF-439571B5BF5F}.Release|Any CPU.ActiveCfg = Release|Any CPU
		{305C6839-C422-4D12-ADDF-439571B5BF5F}.Release|Any CPU.Build.0 = Release|Any CPU
	EndGlobalSection
	GlobalSection(SolutionProperties) = preSolution
		HideSolutionNode = FALSE
	EndGlobalSection
	GlobalSection(ExtensibilityGlobals) = postSolution
		SolutionGuid = {6C2CBD8E-B9D5-427E-A015-5809EA45E08F}
	EndGlobalSection
EndGlobal
